// !$*UTF8*$!
{
	archiveVersion = 1;
	classes = {
	};
	objectVersion = 46;
	objects = {

/* Begin PBXBuildFile section */
		C124C88A4B9B1FDBECD4F5F5 /* libPods-PointsForCustomer.a in Frameworks */ = {isa = PBXBuildFile; fileRef = 079B54EEA2D726ADC49BD261 /* libPods-PointsForCustomer.a */; };
		E20A7CA31F68FD2D00346D4A /* KuangkuangView.swift in Sources */ = {isa = PBXBuildFile; fileRef = E20A7CA21F68FD2D00346D4A /* KuangkuangView.swift */; };
		E20A7CA51F690AA900346D4A /* ConstantForSwift.swift in Sources */ = {isa = PBXBuildFile; fileRef = E20A7CA41F690AA900346D4A /* ConstantForSwift.swift */; };
		E20AE6121F851C3D003A603F /* RegistViewController.swift in Sources */ = {isa = PBXBuildFile; fileRef = E20AE6101F851C3D003A603F /* RegistViewController.swift */; };
		E20AE6131F851C3D003A603F /* RegistViewController.xib in Resources */ = {isa = PBXBuildFile; fileRef = E20AE6111F851C3D003A603F /* RegistViewController.xib */; };
		E21A64381F6663E3007D1C49 /* AppDelegate.swift in Sources */ = {isa = PBXBuildFile; fileRef = E21A64371F6663E3007D1C49 /* AppDelegate.swift */; };
		E21A643F1F6663E3007D1C49 /* Assets.xcassets in Resources */ = {isa = PBXBuildFile; fileRef = E21A643E1F6663E3007D1C49 /* Assets.xcassets */; };
		E21A64421F6663E3007D1C49 /* LaunchScreen.storyboard in Resources */ = {isa = PBXBuildFile; fileRef = E21A64401F6663E3007D1C49 /* LaunchScreen.storyboard */; };
		E21D2AA11F8A6228001D29A1 /* MyInviteCodeViewController.swift in Sources */ = {isa = PBXBuildFile; fileRef = E21D2A9F1F8A6228001D29A1 /* MyInviteCodeViewController.swift */; };
		E21D2AA21F8A6228001D29A1 /* MyInviteCodeViewController.xib in Resources */ = {isa = PBXBuildFile; fileRef = E21D2AA01F8A6228001D29A1 /* MyInviteCodeViewController.xib */; };
		E21D2AAC1F8A71EB001D29A1 /* PointsHistoryTableViewCell.swift in Sources */ = {isa = PBXBuildFile; fileRef = E21D2AAA1F8A71EB001D29A1 /* PointsHistoryTableViewCell.swift */; };
		E21D2AAD1F8A71EB001D29A1 /* PointsHistoryTableViewCell.xib in Resources */ = {isa = PBXBuildFile; fileRef = E21D2AAB1F8A71EB001D29A1 /* PointsHistoryTableViewCell.xib */; };
		E21D2AAF1F8A752B001D29A1 /* PPPointsHistoryObj.swift in Sources */ = {isa = PBXBuildFile; fileRef = E21D2AAE1F8A752B001D29A1 /* PPPointsHistoryObj.swift */; };
		E21D2AB31F8A7958001D29A1 /* PointsHistoryViewController.swift in Sources */ = {isa = PBXBuildFile; fileRef = E21D2AB21F8A7957001D29A1 /* PointsHistoryViewController.swift */; };
		E21D2AB41F8A79BE001D29A1 /* PointsHistoryViewController.xib in Resources */ = {isa = PBXBuildFile; fileRef = E21D2AB11F8A7957001D29A1 /* PointsHistoryViewController.xib */; };
		E228688E1F8667690050CDEC /* PPUserInfoManager.swift in Sources */ = {isa = PBXBuildFile; fileRef = E228688D1F8667690050CDEC /* PPUserInfoManager.swift */; };
		E22868911F86746B0050CDEC /* FindPassWordViewController.swift in Sources */ = {isa = PBXBuildFile; fileRef = E228688F1F86746B0050CDEC /* FindPassWordViewController.swift */; };
		E22868921F86746B0050CDEC /* FindPassWordViewController.xib in Resources */ = {isa = PBXBuildFile; fileRef = E22868901F86746B0050CDEC /* FindPassWordViewController.xib */; };
		E24708971F89D81500F8705D /* PPShopDetailobj.swift in Sources */ = {isa = PBXBuildFile; fileRef = E24708961F89D81500F8705D /* PPShopDetailobj.swift */; };
		E24EEAE51F72AFBE0084C632 /* CityListViewController.swift in Sources */ = {isa = PBXBuildFile; fileRef = E24EEAE31F72AFBE0084C632 /* CityListViewController.swift */; };
		E24EEAE61F72AFBE0084C632 /* CityListViewController.xib in Resources */ = {isa = PBXBuildFile; fileRef = E24EEAE41F72AFBE0084C632 /* CityListViewController.xib */; };
		E24EEAE91F72B4BA0084C632 /* SearchShopViewController.swift in Sources */ = {isa = PBXBuildFile; fileRef = E24EEAE71F72B4BA0084C632 /* SearchShopViewController.swift */; };
		E24EEAEA1F72B4BA0084C632 /* SearchShopViewController.xib in Resources */ = {isa = PBXBuildFile; fileRef = E24EEAE81F72B4BA0084C632 /* SearchShopViewController.xib */; };
		E24EEAED1F72BBEA0084C632 /* ShopDetailViewController.swift in Sources */ = {isa = PBXBuildFile; fileRef = E24EEAEB1F72BBEA0084C632 /* ShopDetailViewController.swift */; };
		E24EEAEE1F72BBEA0084C632 /* ShopDetailViewController.xib in Resources */ = {isa = PBXBuildFile; fileRef = E24EEAEC1F72BBEA0084C632 /* ShopDetailViewController.xib */; };
		E25369A91F7F6A5A004AC8A3 /* PPRequestManager.swift in Sources */ = {isa = PBXBuildFile; fileRef = E25369A81F7F6A5A004AC8A3 /* PPRequestManager.swift */; };
		E2547C461F73F9DF000DA9E9 /* AllCityTableViewCell.swift in Sources */ = {isa = PBXBuildFile; fileRef = E2547C441F73F9DF000DA9E9 /* AllCityTableViewCell.swift */; };
		E2547C471F73F9DF000DA9E9 /* AllCityTableViewCell.xib in Resources */ = {isa = PBXBuildFile; fileRef = E2547C451F73F9DF000DA9E9 /* AllCityTableViewCell.xib */; };
		E2547C491F73FB12000DA9E9 /* citys.db in Resources */ = {isa = PBXBuildFile; fileRef = E2547C481F73FB12000DA9E9 /* citys.db */; };
		E28BE24F1F78909300775097 /* UserLocationManager.swift in Sources */ = {isa = PBXBuildFile; fileRef = E28BE24E1F78909300775097 /* UserLocationManager.swift */; };
		E28FA7F41F74D9A100377266 /* SearchAreaViewController.swift in Sources */ = {isa = PBXBuildFile; fileRef = E28FA7F21F74D9A100377266 /* SearchAreaViewController.swift */; };
		E28FA7F51F74D9A100377266 /* SearchAreaViewController.xib in Resources */ = {isa = PBXBuildFile; fileRef = E28FA7F31F74D9A100377266 /* SearchAreaViewController.xib */; };
		E28FA7F81F74DB3700377266 /* SearchAreaTableViewCell.swift in Sources */ = {isa = PBXBuildFile; fileRef = E28FA7F61F74DB3700377266 /* SearchAreaTableViewCell.swift */; };
		E28FA7F91F74DB3700377266 /* SearchAreaTableViewCell.xib in Resources */ = {isa = PBXBuildFile; fileRef = E28FA7F71F74DB3700377266 /* SearchAreaTableViewCell.xib */; };
		E297FDCC1F7DDA6C0056C606 /* CommentTableViewCell.swift in Sources */ = {isa = PBXBuildFile; fileRef = E297FDCA1F7DDA6C0056C606 /* CommentTableViewCell.swift */; };
		E297FDCD1F7DDA6D0056C606 /* CommentTableViewCell.xib in Resources */ = {isa = PBXBuildFile; fileRef = E297FDCB1F7DDA6C0056C606 /* CommentTableViewCell.xib */; };
		E297FDD01F7DDAA80056C606 /* CommentListViewController.swift in Sources */ = {isa = PBXBuildFile; fileRef = E297FDCE1F7DDAA80056C606 /* CommentListViewController.swift */; };
		E297FDD11F7DDAA80056C606 /* CommentListViewController.xib in Resources */ = {isa = PBXBuildFile; fileRef = E297FDCF1F7DDAA80056C606 /* CommentListViewController.xib */; };
		E297FDD31F7DEFB70056C606 /* CommentObj.swift in Sources */ = {isa = PBXBuildFile; fileRef = E297FDD21F7DEFB70056C606 /* CommentObj.swift */; };
		E297FDD61F7E21D30056C606 /* OneKindShopListViewController.swift in Sources */ = {isa = PBXBuildFile; fileRef = E297FDD41F7E21D30056C606 /* OneKindShopListViewController.swift */; };
		E297FDD71F7E21D30056C606 /* OneKindShopListViewController.xib in Resources */ = {isa = PBXBuildFile; fileRef = E297FDD51F7E21D30056C606 /* OneKindShopListViewController.xib */; };
		E29D56051F6FA0E70006C746 /* IndexSectionHeaderView.xib in Resources */ = {isa = PBXBuildFile; fileRef = E29D56041F6FA0E70006C746 /* IndexSectionHeaderView.xib */; };
		E2B602561F7D407E006FFAE1 /* ShopDetailSingleTextTableViewCell.swift in Sources */ = {isa = PBXBuildFile; fileRef = E2B602541F7D407E006FFAE1 /* ShopDetailSingleTextTableViewCell.swift */; };
		E2B602571F7D407E006FFAE1 /* ShopDetailSingleTextTableViewCell.xib in Resources */ = {isa = PBXBuildFile; fileRef = E2B602551F7D407E006FFAE1 /* ShopDetailSingleTextTableViewCell.xib */; };
		E2B6025A1F7D4102006FFAE1 /* ShopDetailSingleImageTableViewCell.swift in Sources */ = {isa = PBXBuildFile; fileRef = E2B602581F7D4102006FFAE1 /* ShopDetailSingleImageTableViewCell.swift */; };
		E2B6025B1F7D4102006FFAE1 /* ShopDetailSingleImageTableViewCell.xib in Resources */ = {isa = PBXBuildFile; fileRef = E2B602591F7D4102006FFAE1 /* ShopDetailSingleImageTableViewCell.xib */; };
		E2BFAA371F8B607100B84D45 /* WriteCommentViewController.swift in Sources */ = {isa = PBXBuildFile; fileRef = E2BFAA351F8B607100B84D45 /* WriteCommentViewController.swift */; };
		E2BFAA381F8B607100B84D45 /* WriteCommentViewController.xib in Resources */ = {isa = PBXBuildFile; fileRef = E2BFAA361F8B607100B84D45 /* WriteCommentViewController.xib */; };
		E2D11A011F7E7F69007FFA36 /* PayNowViewController.swift in Sources */ = {isa = PBXBuildFile; fileRef = E2D119FF1F7E7F69007FFA36 /* PayNowViewController.swift */; };
		E2D11A021F7E7F69007FFA36 /* PayNowViewController.xib in Resources */ = {isa = PBXBuildFile; fileRef = E2D11A001F7E7F69007FFA36 /* PayNowViewController.xib */; };
		E2E803B81F6A56A40094065F /* UserCenterTableViewCell.swift in Sources */ = {isa = PBXBuildFile; fileRef = E2E803B61F6A56A40094065F /* UserCenterTableViewCell.swift */; };
		E2E803B91F6A56A40094065F /* UserCenterTableViewCell.xib in Resources */ = {isa = PBXBuildFile; fileRef = E2E803B71F6A56A40094065F /* UserCenterTableViewCell.xib */; };
		E2E803BC1F6BA6F00094065F /* PPShopTableViewCell.swift in Sources */ = {isa = PBXBuildFile; fileRef = E2E803BA1F6BA6EF0094065F /* PPShopTableViewCell.swift */; };
		E2E803BD1F6BA6F00094065F /* PPShopTableViewCell.xib in Resources */ = {isa = PBXBuildFile; fileRef = E2E803BB1F6BA6EF0094065F /* PPShopTableViewCell.xib */; };
		E2E803BF1F6BAAE30094065F /* IndexHeaderView.swift in Sources */ = {isa = PBXBuildFile; fileRef = E2E803BE1F6BAAE30094065F /* IndexHeaderView.swift */; };
		E2E803C11F6BC3BA0094065F /* PPBannerObject.swift in Sources */ = {isa = PBXBuildFile; fileRef = E2E803C01F6BC3BA0094065F /* PPBannerObject.swift */; };
		E2F1EF3A1F676DA500CF90C2 /* NSDate+MyDate.m in Sources */ = {isa = PBXBuildFile; fileRef = E2F1EF2D1F676DA500CF90C2 /* NSDate+MyDate.m */; };
		E2F1EF3B1F676DA500CF90C2 /* NSString+MyCustomString.m in Sources */ = {isa = PBXBuildFile; fileRef = E2F1EF2F1F676DA500CF90C2 /* NSString+MyCustomString.m */; };
		E2F1EF3D1F676DA500CF90C2 /* UIColor+MyColor.m in Sources */ = {isa = PBXBuildFile; fileRef = E2F1EF331F676DA500CF90C2 /* UIColor+MyColor.m */; };
		E2F1EF3E1F676DA500CF90C2 /* UIImage+MyCustomImage.m in Sources */ = {isa = PBXBuildFile; fileRef = E2F1EF351F676DA500CF90C2 /* UIImage+MyCustomImage.m */; };
		E2F1EF441F676F1300CF90C2 /* UIDevice+MyDevice.m in Sources */ = {isa = PBXBuildFile; fileRef = E2F1EF431F676F1300CF90C2 /* UIDevice+MyDevice.m */; };
		E2F1EF461F67700300CF90C2 /* BaseViewController.swift in Sources */ = {isa = PBXBuildFile; fileRef = E2F1EF451F67700300CF90C2 /* BaseViewController.swift */; };
		E2F1EF481F67701900CF90C2 /* BaseObject.swift in Sources */ = {isa = PBXBuildFile; fileRef = E2F1EF471F67701900CF90C2 /* BaseObject.swift */; };
		E2F1EF4A1F67717300CF90C2 /* PPShopObject.swift in Sources */ = {isa = PBXBuildFile; fileRef = E2F1EF491F67717300CF90C2 /* PPShopObject.swift */; };
		E2F1EF4C1F67C15F00CF90C2 /* MainTabbarViewController.swift in Sources */ = {isa = PBXBuildFile; fileRef = E2F1EF4B1F67C15F00CF90C2 /* MainTabbarViewController.swift */; };
		E2F1EF4F1F67C18100CF90C2 /* IndexViewController.swift in Sources */ = {isa = PBXBuildFile; fileRef = E2F1EF4D1F67C18100CF90C2 /* IndexViewController.swift */; };
		E2F1EF501F67C18100CF90C2 /* IndexViewController.xib in Resources */ = {isa = PBXBuildFile; fileRef = E2F1EF4E1F67C18100CF90C2 /* IndexViewController.xib */; };
		E2F1EF531F67C1C900CF90C2 /* ReadBitCodeViewController.swift in Sources */ = {isa = PBXBuildFile; fileRef = E2F1EF511F67C1C900CF90C2 /* ReadBitCodeViewController.swift */; };
		E2F1EF541F67C1C900CF90C2 /* ReadBitCodeViewController.xib in Resources */ = {isa = PBXBuildFile; fileRef = E2F1EF521F67C1C900CF90C2 /* ReadBitCodeViewController.xib */; };
		E2F1EF571F67C1E900CF90C2 /* UserCenterViewController.swift in Sources */ = {isa = PBXBuildFile; fileRef = E2F1EF551F67C1E900CF90C2 /* UserCenterViewController.swift */; };
		E2F1EF581F67C1E900CF90C2 /* UserCenterViewController.xib in Resources */ = {isa = PBXBuildFile; fileRef = E2F1EF561F67C1E900CF90C2 /* UserCenterViewController.xib */; };
		E2F1EF5E1F67DA1D00CF90C2 /* TTRequestOperationManager.m in Sources */ = {isa = PBXBuildFile; fileRef = E2F1EF5B1F67DA1D00CF90C2 /* TTRequestOperationManager.m */; };
		E2F1EF5F1F67DA1D00CF90C2 /* TTUserInfoManager.m in Sources */ = {isa = PBXBuildFile; fileRef = E2F1EF5D1F67DA1D00CF90C2 /* TTUserInfoManager.m */; };
		E2F1EF621F67DC2500CF90C2 /* LoginViewController.swift in Sources */ = {isa = PBXBuildFile; fileRef = E2F1EF601F67DC2500CF90C2 /* LoginViewController.swift */; };
		E2F1EF631F67DC2500CF90C2 /* LoginViewController.xib in Resources */ = {isa = PBXBuildFile; fileRef = E2F1EF611F67DC2500CF90C2 /* LoginViewController.xib */; };
		E2FA31A81F713C6600B657A1 /* PPStringExtension.swift in Sources */ = {isa = PBXBuildFile; fileRef = E2FA31A71F713C6600B657A1 /* PPStringExtension.swift */; };
		E2FA31AA1F71450300B657A1 /* PPIndexClassObj.swift in Sources */ = {isa = PBXBuildFile; fileRef = E2FA31A91F71450300B657A1 /* PPIndexClassObj.swift */; };
		E2FA31AC1F71593400B657A1 /* IndexClassItemView.xib in Resources */ = {isa = PBXBuildFile; fileRef = E2FA31AB1F71593300B657A1 /* IndexClassItemView.xib */; };
		E2FA31AE1F715A2500B657A1 /* IndexClassItemView.swift in Sources */ = {isa = PBXBuildFile; fileRef = E2FA31AD1F715A2500B657A1 /* IndexClassItemView.swift */; };
		E2FE292B1F7E9BB200015D46 /* qrcode_found.wav in Resources */ = {isa = PBXBuildFile; fileRef = E2FE292A1F7E9BB200015D46 /* qrcode_found.wav */; };
/* End PBXBuildFile section */

/* Begin PBXFileReference section */
		079B54EEA2D726ADC49BD261 /* libPods-PointsForCustomer.a */ = {isa = PBXFileReference; explicitFileType = archive.ar; includeInIndex = 0; path = "libPods-PointsForCustomer.a"; sourceTree = BUILT_PRODUCTS_DIR; };
		196F5DACB5DA364FCF7A3683 /* Pods-PointsForCustomer.release.xcconfig */ = {isa = PBXFileReference; includeInIndex = 1; lastKnownFileType = text.xcconfig; name = "Pods-PointsForCustomer.release.xcconfig"; path = "Pods/Target Support Files/Pods-PointsForCustomer/Pods-PointsForCustomer.release.xcconfig"; sourceTree = "<group>"; };
		DF00F6CA4807902B55C5CDE1 /* Pods-PointsForCustomer.debug.xcconfig */ = {isa = PBXFileReference; includeInIndex = 1; lastKnownFileType = text.xcconfig; name = "Pods-PointsForCustomer.debug.xcconfig"; path = "Pods/Target Support Files/Pods-PointsForCustomer/Pods-PointsForCustomer.debug.xcconfig"; sourceTree = "<group>"; };
		E20A7CA21F68FD2D00346D4A /* KuangkuangView.swift */ = {isa = PBXFileReference; fileEncoding = 4; lastKnownFileType = sourcecode.swift; path = KuangkuangView.swift; sourceTree = "<group>"; };
		E20A7CA41F690AA900346D4A /* ConstantForSwift.swift */ = {isa = PBXFileReference; fileEncoding = 4; lastKnownFileType = sourcecode.swift; path = ConstantForSwift.swift; sourceTree = "<group>"; };
		E20AE6101F851C3D003A603F /* RegistViewController.swift */ = {isa = PBXFileReference; lastKnownFileType = sourcecode.swift; path = RegistViewController.swift; sourceTree = "<group>"; };
		E20AE6111F851C3D003A603F /* RegistViewController.xib */ = {isa = PBXFileReference; lastKnownFileType = file.xib; path = RegistViewController.xib; sourceTree = "<group>"; };
		E21A64341F6663E3007D1C49 /* PointsForCustomer.app */ = {isa = PBXFileReference; explicitFileType = wrapper.application; includeInIndex = 0; path = PointsForCustomer.app; sourceTree = BUILT_PRODUCTS_DIR; };
		E21A64371F6663E3007D1C49 /* AppDelegate.swift */ = {isa = PBXFileReference; lastKnownFileType = sourcecode.swift; path = AppDelegate.swift; sourceTree = "<group>"; };
		E21A643E1F6663E3007D1C49 /* Assets.xcassets */ = {isa = PBXFileReference; lastKnownFileType = folder.assetcatalog; path = Assets.xcassets; sourceTree = "<group>"; };
		E21A64411F6663E3007D1C49 /* Base */ = {isa = PBXFileReference; lastKnownFileType = file.storyboard; name = Base; path = Base.lproj/LaunchScreen.storyboard; sourceTree = "<group>"; };
		E21A64431F6663E3007D1C49 /* Info.plist */ = {isa = PBXFileReference; lastKnownFileType = text.plist.xml; path = Info.plist; sourceTree = "<group>"; };
		E21D2A9F1F8A6228001D29A1 /* MyInviteCodeViewController.swift */ = {isa = PBXFileReference; lastKnownFileType = sourcecode.swift; path = MyInviteCodeViewController.swift; sourceTree = "<group>"; };
		E21D2AA01F8A6228001D29A1 /* MyInviteCodeViewController.xib */ = {isa = PBXFileReference; lastKnownFileType = file.xib; path = MyInviteCodeViewController.xib; sourceTree = "<group>"; };
		E21D2AAA1F8A71EB001D29A1 /* PointsHistoryTableViewCell.swift */ = {isa = PBXFileReference; lastKnownFileType = sourcecode.swift; path = PointsHistoryTableViewCell.swift; sourceTree = "<group>"; };
		E21D2AAB1F8A71EB001D29A1 /* PointsHistoryTableViewCell.xib */ = {isa = PBXFileReference; lastKnownFileType = file.xib; path = PointsHistoryTableViewCell.xib; sourceTree = "<group>"; };
		E21D2AAE1F8A752B001D29A1 /* PPPointsHistoryObj.swift */ = {isa = PBXFileReference; lastKnownFileType = sourcecode.swift; path = PPPointsHistoryObj.swift; sourceTree = "<group>"; };
		E21D2AB11F8A7957001D29A1 /* PointsHistoryViewController.xib */ = {isa = PBXFileReference; lastKnownFileType = file.xib; path = PointsHistoryViewController.xib; sourceTree = "<group>"; };
		E21D2AB21F8A7957001D29A1 /* PointsHistoryViewController.swift */ = {isa = PBXFileReference; lastKnownFileType = sourcecode.swift; path = PointsHistoryViewController.swift; sourceTree = "<group>"; };
		E228688D1F8667690050CDEC /* PPUserInfoManager.swift */ = {isa = PBXFileReference; lastKnownFileType = sourcecode.swift; path = PPUserInfoManager.swift; sourceTree = "<group>"; };
		E228688F1F86746B0050CDEC /* FindPassWordViewController.swift */ = {isa = PBXFileReference; lastKnownFileType = sourcecode.swift; path = FindPassWordViewController.swift; sourceTree = "<group>"; };
		E22868901F86746B0050CDEC /* FindPassWordViewController.xib */ = {isa = PBXFileReference; lastKnownFileType = file.xib; path = FindPassWordViewController.xib; sourceTree = "<group>"; };
		E24708961F89D81500F8705D /* PPShopDetailobj.swift */ = {isa = PBXFileReference; lastKnownFileType = sourcecode.swift; path = PPShopDetailobj.swift; sourceTree = "<group>"; };
		E24EEAE31F72AFBE0084C632 /* CityListViewController.swift */ = {isa = PBXFileReference; fileEncoding = 4; lastKnownFileType = sourcecode.swift; path = CityListViewController.swift; sourceTree = "<group>"; };
		E24EEAE41F72AFBE0084C632 /* CityListViewController.xib */ = {isa = PBXFileReference; fileEncoding = 4; lastKnownFileType = file.xib; path = CityListViewController.xib; sourceTree = "<group>"; };
		E24EEAE71F72B4BA0084C632 /* SearchShopViewController.swift */ = {isa = PBXFileReference; fileEncoding = 4; lastKnownFileType = sourcecode.swift; path = SearchShopViewController.swift; sourceTree = "<group>"; };
		E24EEAE81F72B4BA0084C632 /* SearchShopViewController.xib */ = {isa = PBXFileReference; fileEncoding = 4; lastKnownFileType = file.xib; path = SearchShopViewController.xib; sourceTree = "<group>"; };
		E24EEAEB1F72BBEA0084C632 /* ShopDetailViewController.swift */ = {isa = PBXFileReference; fileEncoding = 4; lastKnownFileType = sourcecode.swift; path = ShopDetailViewController.swift; sourceTree = "<group>"; };
		E24EEAEC1F72BBEA0084C632 /* ShopDetailViewController.xib */ = {isa = PBXFileReference; fileEncoding = 4; lastKnownFileType = file.xib; path = ShopDetailViewController.xib; sourceTree = "<group>"; };
		E25369A81F7F6A5A004AC8A3 /* PPRequestManager.swift */ = {isa = PBXFileReference; lastKnownFileType = sourcecode.swift; path = PPRequestManager.swift; sourceTree = "<group>"; };
		E2547C441F73F9DF000DA9E9 /* AllCityTableViewCell.swift */ = {isa = PBXFileReference; fileEncoding = 4; lastKnownFileType = sourcecode.swift; path = AllCityTableViewCell.swift; sourceTree = "<group>"; };
		E2547C451F73F9DF000DA9E9 /* AllCityTableViewCell.xib */ = {isa = PBXFileReference; fileEncoding = 4; lastKnownFileType = file.xib; path = AllCityTableViewCell.xib; sourceTree = "<group>"; };
		E2547C481F73FB12000DA9E9 /* citys.db */ = {isa = PBXFileReference; lastKnownFileType = file; path = citys.db; sourceTree = "<group>"; };
		E28BE24E1F78909300775097 /* UserLocationManager.swift */ = {isa = PBXFileReference; fileEncoding = 4; lastKnownFileType = sourcecode.swift; path = UserLocationManager.swift; sourceTree = "<group>"; };
		E28FA7F21F74D9A100377266 /* SearchAreaViewController.swift */ = {isa = PBXFileReference; fileEncoding = 4; lastKnownFileType = sourcecode.swift; path = SearchAreaViewController.swift; sourceTree = "<group>"; };
		E28FA7F31F74D9A100377266 /* SearchAreaViewController.xib */ = {isa = PBXFileReference; fileEncoding = 4; lastKnownFileType = file.xib; path = SearchAreaViewController.xib; sourceTree = "<group>"; };
		E28FA7F61F74DB3700377266 /* SearchAreaTableViewCell.swift */ = {isa = PBXFileReference; fileEncoding = 4; lastKnownFileType = sourcecode.swift; path = SearchAreaTableViewCell.swift; sourceTree = "<group>"; };
		E28FA7F71F74DB3700377266 /* SearchAreaTableViewCell.xib */ = {isa = PBXFileReference; fileEncoding = 4; lastKnownFileType = file.xib; path = SearchAreaTableViewCell.xib; sourceTree = "<group>"; };
		E297FDCA1F7DDA6C0056C606 /* CommentTableViewCell.swift */ = {isa = PBXFileReference; lastKnownFileType = sourcecode.swift; path = CommentTableViewCell.swift; sourceTree = "<group>"; };
		E297FDCB1F7DDA6C0056C606 /* CommentTableViewCell.xib */ = {isa = PBXFileReference; lastKnownFileType = file.xib; path = CommentTableViewCell.xib; sourceTree = "<group>"; };
		E297FDCE1F7DDAA80056C606 /* CommentListViewController.swift */ = {isa = PBXFileReference; lastKnownFileType = sourcecode.swift; path = CommentListViewController.swift; sourceTree = "<group>"; };
		E297FDCF1F7DDAA80056C606 /* CommentListViewController.xib */ = {isa = PBXFileReference; lastKnownFileType = file.xib; path = CommentListViewController.xib; sourceTree = "<group>"; };
		E297FDD21F7DEFB70056C606 /* CommentObj.swift */ = {isa = PBXFileReference; lastKnownFileType = sourcecode.swift; path = CommentObj.swift; sourceTree = "<group>"; };
		E297FDD41F7E21D30056C606 /* OneKindShopListViewController.swift */ = {isa = PBXFileReference; lastKnownFileType = sourcecode.swift; path = OneKindShopListViewController.swift; sourceTree = "<group>"; };
		E297FDD51F7E21D30056C606 /* OneKindShopListViewController.xib */ = {isa = PBXFileReference; lastKnownFileType = file.xib; path = OneKindShopListViewController.xib; sourceTree = "<group>"; };
		E29D56041F6FA0E70006C746 /* IndexSectionHeaderView.xib */ = {isa = PBXFileReference; fileEncoding = 4; lastKnownFileType = file.xib; path = IndexSectionHeaderView.xib; sourceTree = "<group>"; };
		E2B602541F7D407E006FFAE1 /* ShopDetailSingleTextTableViewCell.swift */ = {isa = PBXFileReference; lastKnownFileType = sourcecode.swift; path = ShopDetailSingleTextTableViewCell.swift; sourceTree = "<group>"; };
		E2B602551F7D407E006FFAE1 /* ShopDetailSingleTextTableViewCell.xib */ = {isa = PBXFileReference; lastKnownFileType = file.xib; path = ShopDetailSingleTextTableViewCell.xib; sourceTree = "<group>"; };
		E2B602581F7D4102006FFAE1 /* ShopDetailSingleImageTableViewCell.swift */ = {isa = PBXFileReference; lastKnownFileType = sourcecode.swift; path = ShopDetailSingleImageTableViewCell.swift; sourceTree = "<group>"; };
		E2B602591F7D4102006FFAE1 /* ShopDetailSingleImageTableViewCell.xib */ = {isa = PBXFileReference; lastKnownFileType = file.xib; path = ShopDetailSingleImageTableViewCell.xib; sourceTree = "<group>"; };
		E2BFAA351F8B607100B84D45 /* WriteCommentViewController.swift */ = {isa = PBXFileReference; lastKnownFileType = sourcecode.swift; path = WriteCommentViewController.swift; sourceTree = "<group>"; };
		E2BFAA361F8B607100B84D45 /* WriteCommentViewController.xib */ = {isa = PBXFileReference; lastKnownFileType = file.xib; path = WriteCommentViewController.xib; sourceTree = "<group>"; };
		E2D119FF1F7E7F69007FFA36 /* PayNowViewController.swift */ = {isa = PBXFileReference; lastKnownFileType = sourcecode.swift; path = PayNowViewController.swift; sourceTree = "<group>"; };
		E2D11A001F7E7F69007FFA36 /* PayNowViewController.xib */ = {isa = PBXFileReference; lastKnownFileType = file.xib; path = PayNowViewController.xib; sourceTree = "<group>"; };
		E2E803B61F6A56A40094065F /* UserCenterTableViewCell.swift */ = {isa = PBXFileReference; fileEncoding = 4; lastKnownFileType = sourcecode.swift; path = UserCenterTableViewCell.swift; sourceTree = "<group>"; };
		E2E803B71F6A56A40094065F /* UserCenterTableViewCell.xib */ = {isa = PBXFileReference; fileEncoding = 4; lastKnownFileType = file.xib; path = UserCenterTableViewCell.xib; sourceTree = "<group>"; };
		E2E803BA1F6BA6EF0094065F /* PPShopTableViewCell.swift */ = {isa = PBXFileReference; fileEncoding = 4; lastKnownFileType = sourcecode.swift; path = PPShopTableViewCell.swift; sourceTree = "<group>"; };
		E2E803BB1F6BA6EF0094065F /* PPShopTableViewCell.xib */ = {isa = PBXFileReference; fileEncoding = 4; lastKnownFileType = file.xib; path = PPShopTableViewCell.xib; sourceTree = "<group>"; };
		E2E803BE1F6BAAE30094065F /* IndexHeaderView.swift */ = {isa = PBXFileReference; fileEncoding = 4; lastKnownFileType = sourcecode.swift; path = IndexHeaderView.swift; sourceTree = "<group>"; };
		E2E803C01F6BC3BA0094065F /* PPBannerObject.swift */ = {isa = PBXFileReference; fileEncoding = 4; lastKnownFileType = sourcecode.swift; path = PPBannerObject.swift; sourceTree = "<group>"; };
		E2F1EF271F667E8E00CF90C2 /* PointsForCustomer-Bridging-Header.h */ = {isa = PBXFileReference; fileEncoding = 4; lastKnownFileType = sourcecode.c.h; path = "PointsForCustomer-Bridging-Header.h"; sourceTree = "<group>"; };
		E2F1EF2C1F676DA500CF90C2 /* NSDate+MyDate.h */ = {isa = PBXFileReference; fileEncoding = 4; lastKnownFileType = sourcecode.c.h; path = "NSDate+MyDate.h"; sourceTree = "<group>"; };
		E2F1EF2D1F676DA500CF90C2 /* NSDate+MyDate.m */ = {isa = PBXFileReference; fileEncoding = 4; lastKnownFileType = sourcecode.c.objc; path = "NSDate+MyDate.m"; sourceTree = "<group>"; };
		E2F1EF2E1F676DA500CF90C2 /* NSString+MyCustomString.h */ = {isa = PBXFileReference; fileEncoding = 4; lastKnownFileType = sourcecode.c.h; path = "NSString+MyCustomString.h"; sourceTree = "<group>"; };
		E2F1EF2F1F676DA500CF90C2 /* NSString+MyCustomString.m */ = {isa = PBXFileReference; fileEncoding = 4; lastKnownFileType = sourcecode.c.objc; path = "NSString+MyCustomString.m"; sourceTree = "<group>"; };
		E2F1EF321F676DA500CF90C2 /* UIColor+MyColor.h */ = {isa = PBXFileReference; fileEncoding = 4; lastKnownFileType = sourcecode.c.h; path = "UIColor+MyColor.h"; sourceTree = "<group>"; };
		E2F1EF331F676DA500CF90C2 /* UIColor+MyColor.m */ = {isa = PBXFileReference; fileEncoding = 4; lastKnownFileType = sourcecode.c.objc; path = "UIColor+MyColor.m"; sourceTree = "<group>"; };
		E2F1EF341F676DA500CF90C2 /* UIImage+MyCustomImage.h */ = {isa = PBXFileReference; fileEncoding = 4; lastKnownFileType = sourcecode.c.h; path = "UIImage+MyCustomImage.h"; sourceTree = "<group>"; };
		E2F1EF351F676DA500CF90C2 /* UIImage+MyCustomImage.m */ = {isa = PBXFileReference; fileEncoding = 4; lastKnownFileType = sourcecode.c.objc; path = "UIImage+MyCustomImage.m"; sourceTree = "<group>"; };
		E2F1EF421F676F1300CF90C2 /* UIDevice+MyDevice.h */ = {isa = PBXFileReference; fileEncoding = 4; lastKnownFileType = sourcecode.c.h; path = "UIDevice+MyDevice.h"; sourceTree = "<group>"; };
		E2F1EF431F676F1300CF90C2 /* UIDevice+MyDevice.m */ = {isa = PBXFileReference; fileEncoding = 4; lastKnownFileType = sourcecode.c.objc; path = "UIDevice+MyDevice.m"; sourceTree = "<group>"; };
		E2F1EF451F67700300CF90C2 /* BaseViewController.swift */ = {isa = PBXFileReference; fileEncoding = 4; lastKnownFileType = sourcecode.swift; path = BaseViewController.swift; sourceTree = "<group>"; };
		E2F1EF471F67701900CF90C2 /* BaseObject.swift */ = {isa = PBXFileReference; fileEncoding = 4; lastKnownFileType = sourcecode.swift; path = BaseObject.swift; sourceTree = "<group>"; };
		E2F1EF491F67717300CF90C2 /* PPShopObject.swift */ = {isa = PBXFileReference; fileEncoding = 4; lastKnownFileType = sourcecode.swift; path = PPShopObject.swift; sourceTree = "<group>"; };
		E2F1EF4B1F67C15F00CF90C2 /* MainTabbarViewController.swift */ = {isa = PBXFileReference; fileEncoding = 4; lastKnownFileType = sourcecode.swift; path = MainTabbarViewController.swift; sourceTree = "<group>"; };
		E2F1EF4D1F67C18100CF90C2 /* IndexViewController.swift */ = {isa = PBXFileReference; fileEncoding = 4; lastKnownFileType = sourcecode.swift; path = IndexViewController.swift; sourceTree = "<group>"; };
		E2F1EF4E1F67C18100CF90C2 /* IndexViewController.xib */ = {isa = PBXFileReference; fileEncoding = 4; lastKnownFileType = file.xib; path = IndexViewController.xib; sourceTree = "<group>"; };
		E2F1EF511F67C1C900CF90C2 /* ReadBitCodeViewController.swift */ = {isa = PBXFileReference; fileEncoding = 4; lastKnownFileType = sourcecode.swift; path = ReadBitCodeViewController.swift; sourceTree = "<group>"; };
		E2F1EF521F67C1C900CF90C2 /* ReadBitCodeViewController.xib */ = {isa = PBXFileReference; fileEncoding = 4; lastKnownFileType = file.xib; path = ReadBitCodeViewController.xib; sourceTree = "<group>"; };
		E2F1EF551F67C1E900CF90C2 /* UserCenterViewController.swift */ = {isa = PBXFileReference; fileEncoding = 4; lastKnownFileType = sourcecode.swift; path = UserCenterViewController.swift; sourceTree = "<group>"; };
		E2F1EF561F67C1E900CF90C2 /* UserCenterViewController.xib */ = {isa = PBXFileReference; fileEncoding = 4; lastKnownFileType = file.xib; path = UserCenterViewController.xib; sourceTree = "<group>"; };
		E2F1EF5A1F67DA1D00CF90C2 /* TTRequestOperationManager.h */ = {isa = PBXFileReference; fileEncoding = 4; lastKnownFileType = sourcecode.c.h; path = TTRequestOperationManager.h; sourceTree = "<group>"; };
		E2F1EF5B1F67DA1D00CF90C2 /* TTRequestOperationManager.m */ = {isa = PBXFileReference; fileEncoding = 4; lastKnownFileType = sourcecode.c.objc; path = TTRequestOperationManager.m; sourceTree = "<group>"; };
		E2F1EF5C1F67DA1D00CF90C2 /* TTUserInfoManager.h */ = {isa = PBXFileReference; fileEncoding = 4; lastKnownFileType = sourcecode.c.h; path = TTUserInfoManager.h; sourceTree = "<group>"; };
		E2F1EF5D1F67DA1D00CF90C2 /* TTUserInfoManager.m */ = {isa = PBXFileReference; fileEncoding = 4; lastKnownFileType = sourcecode.c.objc; path = TTUserInfoManager.m; sourceTree = "<group>"; };
		E2F1EF601F67DC2500CF90C2 /* LoginViewController.swift */ = {isa = PBXFileReference; fileEncoding = 4; lastKnownFileType = sourcecode.swift; path = LoginViewController.swift; sourceTree = "<group>"; };
		E2F1EF611F67DC2500CF90C2 /* LoginViewController.xib */ = {isa = PBXFileReference; fileEncoding = 4; lastKnownFileType = file.xib; path = LoginViewController.xib; sourceTree = "<group>"; };
		E2FA31A71F713C6600B657A1 /* PPStringExtension.swift */ = {isa = PBXFileReference; fileEncoding = 4; lastKnownFileType = sourcecode.swift; path = PPStringExtension.swift; sourceTree = "<group>"; };
		E2FA31A91F71450300B657A1 /* PPIndexClassObj.swift */ = {isa = PBXFileReference; fileEncoding = 4; lastKnownFileType = sourcecode.swift; path = PPIndexClassObj.swift; sourceTree = "<group>"; };
		E2FA31AB1F71593300B657A1 /* IndexClassItemView.xib */ = {isa = PBXFileReference; fileEncoding = 4; lastKnownFileType = file.xib; path = IndexClassItemView.xib; sourceTree = "<group>"; };
		E2FA31AD1F715A2500B657A1 /* IndexClassItemView.swift */ = {isa = PBXFileReference; fileEncoding = 4; lastKnownFileType = sourcecode.swift; path = IndexClassItemView.swift; sourceTree = "<group>"; };
		E2FE292A1F7E9BB200015D46 /* qrcode_found.wav */ = {isa = PBXFileReference; lastKnownFileType = audio.wav; path = qrcode_found.wav; sourceTree = "<group>"; };
/* End PBXFileReference section */

/* Begin PBXFrameworksBuildPhase section */
		E21A64311F6663E3007D1C49 /* Frameworks */ = {
			isa = PBXFrameworksBuildPhase;
			buildActionMask = 2147483647;
			files = (
				C124C88A4B9B1FDBECD4F5F5 /* libPods-PointsForCustomer.a in Frameworks */,
			);
			runOnlyForDeploymentPostprocessing = 0;
		};
/* End PBXFrameworksBuildPhase section */

/* Begin PBXGroup section */
		7D760FF4A1E0E7A16DCB8B09 /* Pods */ = {
			isa = PBXGroup;
			children = (
				DF00F6CA4807902B55C5CDE1 /* Pods-PointsForCustomer.debug.xcconfig */,
				196F5DACB5DA364FCF7A3683 /* Pods-PointsForCustomer.release.xcconfig */,
			);
			name = Pods;
			sourceTree = "<group>";
		};
		E01239BC990F8F080F6D8D22 /* Frameworks */ = {
			isa = PBXGroup;
			children = (
				079B54EEA2D726ADC49BD261 /* libPods-PointsForCustomer.a */,
			);
			name = Frameworks;
			sourceTree = "<group>";
		};
		E21A642B1F6663E3007D1C49 = {
			isa = PBXGroup;
			children = (
				E21A64361F6663E3007D1C49 /* PointsForCustomer */,
				E21A64351F6663E3007D1C49 /* Products */,
				7D760FF4A1E0E7A16DCB8B09 /* Pods */,
				E01239BC990F8F080F6D8D22 /* Frameworks */,
			);
			sourceTree = "<group>";
		};
		E21A64351F6663E3007D1C49 /* Products */ = {
			isa = PBXGroup;
			children = (
				E21A64341F6663E3007D1C49 /* PointsForCustomer.app */,
			);
			name = Products;
			sourceTree = "<group>";
		};
		E21A64361F6663E3007D1C49 /* PointsForCustomer */ = {
			isa = PBXGroup;
			children = (
				E2F1EF591F67DA0000CF90C2 /* vender */,
				E2F1EF2B1F676DA500CF90C2 /* Category */,
				E2F1EF281F676C2D00CF90C2 /* model */,
				E2F1EF291F676C2D00CF90C2 /* view */,
				E2F1EF2A1F676C2D00CF90C2 /* controller */,
				E21A64371F6663E3007D1C49 /* AppDelegate.swift */,
				E21A643E1F6663E3007D1C49 /* Assets.xcassets */,
				E21A64401F6663E3007D1C49 /* LaunchScreen.storyboard */,
				E21A64431F6663E3007D1C49 /* Info.plist */,
				E2F1EF271F667E8E00CF90C2 /* PointsForCustomer-Bridging-Header.h */,
				E2547C481F73FB12000DA9E9 /* citys.db */,
				E2FE292A1F7E9BB200015D46 /* qrcode_found.wav */,
			);
			path = PointsForCustomer;
			sourceTree = "<group>";
		};
		E2F1EF281F676C2D00CF90C2 /* model */ = {
			isa = PBXGroup;
			children = (
				E2F1EF471F67701900CF90C2 /* BaseObject.swift */,
				E2F1EF491F67717300CF90C2 /* PPShopObject.swift */,
				E24708961F89D81500F8705D /* PPShopDetailobj.swift */,
				E2E803C01F6BC3BA0094065F /* PPBannerObject.swift */,
				E2FA31A91F71450300B657A1 /* PPIndexClassObj.swift */,
				E297FDD21F7DEFB70056C606 /* CommentObj.swift */,
				E21D2AAE1F8A752B001D29A1 /* PPPointsHistoryObj.swift */,
			);
			path = model;
			sourceTree = "<group>";
		};
		E2F1EF291F676C2D00CF90C2 /* view */ = {
			isa = PBXGroup;
			children = (
				E20A7CA21F68FD2D00346D4A /* KuangkuangView.swift */,
				E2E803B61F6A56A40094065F /* UserCenterTableViewCell.swift */,
				E2E803B71F6A56A40094065F /* UserCenterTableViewCell.xib */,
				E2E803BA1F6BA6EF0094065F /* PPShopTableViewCell.swift */,
				E2E803BB1F6BA6EF0094065F /* PPShopTableViewCell.xib */,
				E2E803BE1F6BAAE30094065F /* IndexHeaderView.swift */,
				E29D56041F6FA0E70006C746 /* IndexSectionHeaderView.xib */,
				E2FA31AD1F715A2500B657A1 /* IndexClassItemView.swift */,
				E2FA31AB1F71593300B657A1 /* IndexClassItemView.xib */,
				E2547C441F73F9DF000DA9E9 /* AllCityTableViewCell.swift */,
				E2547C451F73F9DF000DA9E9 /* AllCityTableViewCell.xib */,
				E28FA7F61F74DB3700377266 /* SearchAreaTableViewCell.swift */,
				E28FA7F71F74DB3700377266 /* SearchAreaTableViewCell.xib */,
				E2B602541F7D407E006FFAE1 /* ShopDetailSingleTextTableViewCell.swift */,
				E2B602551F7D407E006FFAE1 /* ShopDetailSingleTextTableViewCell.xib */,
				E2B602581F7D4102006FFAE1 /* ShopDetailSingleImageTableViewCell.swift */,
				E2B602591F7D4102006FFAE1 /* ShopDetailSingleImageTableViewCell.xib */,
				E297FDCA1F7DDA6C0056C606 /* CommentTableViewCell.swift */,
				E297FDCB1F7DDA6C0056C606 /* CommentTableViewCell.xib */,
				E21D2AAA1F8A71EB001D29A1 /* PointsHistoryTableViewCell.swift */,
				E21D2AAB1F8A71EB001D29A1 /* PointsHistoryTableViewCell.xib */,
			);
			path = view;
			sourceTree = "<group>";
		};
		E2F1EF2A1F676C2D00CF90C2 /* controller */ = {
			isa = PBXGroup;
			children = (
				E2F1EF451F67700300CF90C2 /* BaseViewController.swift */,
				E2F1EF4B1F67C15F00CF90C2 /* MainTabbarViewController.swift */,
				E2F1EF4D1F67C18100CF90C2 /* IndexViewController.swift */,
				E2F1EF4E1F67C18100CF90C2 /* IndexViewController.xib */,
				E297FDD41F7E21D30056C606 /* OneKindShopListViewController.swift */,
				E297FDD51F7E21D30056C606 /* OneKindShopListViewController.xib */,
				E2F1EF511F67C1C900CF90C2 /* ReadBitCodeViewController.swift */,
				E2F1EF521F67C1C900CF90C2 /* ReadBitCodeViewController.xib */,
				E2D119FF1F7E7F69007FFA36 /* PayNowViewController.swift */,
				E2D11A001F7E7F69007FFA36 /* PayNowViewController.xib */,
				E2BFAA351F8B607100B84D45 /* WriteCommentViewController.swift */,
				E2BFAA361F8B607100B84D45 /* WriteCommentViewController.xib */,
				E24EEAE31F72AFBE0084C632 /* CityListViewController.swift */,
				E24EEAE41F72AFBE0084C632 /* CityListViewController.xib */,
				E28FA7F21F74D9A100377266 /* SearchAreaViewController.swift */,
				E28FA7F31F74D9A100377266 /* SearchAreaViewController.xib */,
				E24EEAE71F72B4BA0084C632 /* SearchShopViewController.swift */,
				E24EEAE81F72B4BA0084C632 /* SearchShopViewController.xib */,
				E24EEAEB1F72BBEA0084C632 /* ShopDetailViewController.swift */,
				E24EEAEC1F72BBEA0084C632 /* ShopDetailViewController.xib */,
				E297FDCE1F7DDAA80056C606 /* CommentListViewController.swift */,
				E297FDCF1F7DDAA80056C606 /* CommentListViewController.xib */,
				E2F1EF551F67C1E900CF90C2 /* UserCenterViewController.swift */,
				E2F1EF561F67C1E900CF90C2 /* UserCenterViewController.xib */,
				E21D2A9F1F8A6228001D29A1 /* MyInviteCodeViewController.swift */,
				E21D2AA01F8A6228001D29A1 /* MyInviteCodeViewController.xib */,
				E21D2AB21F8A7957001D29A1 /* PointsHistoryViewController.swift */,
				E21D2AB11F8A7957001D29A1 /* PointsHistoryViewController.xib */,
				E2F1EF601F67DC2500CF90C2 /* LoginViewController.swift */,
				E2F1EF611F67DC2500CF90C2 /* LoginViewController.xib */,
				E20AE6101F851C3D003A603F /* RegistViewController.swift */,
				E20AE6111F851C3D003A603F /* RegistViewController.xib */,
				E228688F1F86746B0050CDEC /* FindPassWordViewController.swift */,
				E22868901F86746B0050CDEC /* FindPassWordViewController.xib */,
			);
			path = controller;
			sourceTree = "<group>";
		};
		E2F1EF2B1F676DA500CF90C2 /* Category */ = {
			isa = PBXGroup;
			children = (
				E2F1EF2C1F676DA500CF90C2 /* NSDate+MyDate.h */,
				E2F1EF2D1F676DA500CF90C2 /* NSDate+MyDate.m */,
				E2F1EF2E1F676DA500CF90C2 /* NSString+MyCustomString.h */,
				E2F1EF2F1F676DA500CF90C2 /* NSString+MyCustomString.m */,
				E2F1EF321F676DA500CF90C2 /* UIColor+MyColor.h */,
				E2F1EF331F676DA500CF90C2 /* UIColor+MyColor.m */,
				E2F1EF341F676DA500CF90C2 /* UIImage+MyCustomImage.h */,
				E2F1EF351F676DA500CF90C2 /* UIImage+MyCustomImage.m */,
				E2F1EF421F676F1300CF90C2 /* UIDevice+MyDevice.h */,
				E2F1EF431F676F1300CF90C2 /* UIDevice+MyDevice.m */,
				E2FA31A71F713C6600B657A1 /* PPStringExtension.swift */,
			);
			path = Category;
			sourceTree = "<group>";
		};
		E2F1EF591F67DA0000CF90C2 /* vender */ = {
			isa = PBXGroup;
			children = (
				E2F1EF5A1F67DA1D00CF90C2 /* TTRequestOperationManager.h */,
				E2F1EF5B1F67DA1D00CF90C2 /* TTRequestOperationManager.m */,
				E2F1EF5C1F67DA1D00CF90C2 /* TTUserInfoManager.h */,
				E2F1EF5D1F67DA1D00CF90C2 /* TTUserInfoManager.m */,
				E228688D1F8667690050CDEC /* PPUserInfoManager.swift */,
				E25369A81F7F6A5A004AC8A3 /* PPRequestManager.swift */,
				E28BE24E1F78909300775097 /* UserLocationManager.swift */,
				E20A7CA41F690AA900346D4A /* ConstantForSwift.swift */,
			);
			path = vender;
			sourceTree = "<group>";
		};
/* End PBXGroup section */

/* Begin PBXNativeTarget section */
		E21A64331F6663E3007D1C49 /* PointsForCustomer */ = {
			isa = PBXNativeTarget;
			buildConfigurationList = E21A64461F6663E3007D1C49 /* Build configuration list for PBXNativeTarget "PointsForCustomer" */;
			buildPhases = (
				7D3E28E3E6F3AC2C4923E97E /* [CP] Check Pods Manifest.lock */,
				E21A64301F6663E3007D1C49 /* Sources */,
				E21A64311F6663E3007D1C49 /* Frameworks */,
				E21A64321F6663E3007D1C49 /* Resources */,
				D90BD49DD0ED05842A172962 /* [CP] Embed Pods Frameworks */,
				5AADD7000855C3C69B1B834E /* [CP] Copy Pods Resources */,
			);
			buildRules = (
			);
			dependencies = (
			);
			name = PointsForCustomer;
			productName = PointsForCustomer;
			productReference = E21A64341F6663E3007D1C49 /* PointsForCustomer.app */;
			productType = "com.apple.product-type.application";
		};
/* End PBXNativeTarget section */

/* Begin PBXProject section */
		E21A642C1F6663E3007D1C49 /* Project object */ = {
			isa = PBXProject;
			attributes = {
				LastSwiftUpdateCheck = 0830;
				LastUpgradeCheck = 0900;
				ORGANIZATIONNAME = fff;
				TargetAttributes = {
					E21A64331F6663E3007D1C49 = {
						CreatedOnToolsVersion = 8.3.3;
						DevelopmentTeam = CV3TV3MNW2;
						LastSwiftMigration = 0900;
						ProvisioningStyle = Automatic;
						SystemCapabilities = {
							com.apple.BackgroundModes = {
								enabled = 0;
							};
						};
					};
				};
			};
			buildConfigurationList = E21A642F1F6663E3007D1C49 /* Build configuration list for PBXProject "PointsForCustomer" */;
			compatibilityVersion = "Xcode 3.2";
			developmentRegion = English;
			hasScannedForEncodings = 0;
			knownRegions = (
				en,
				Base,
			);
			mainGroup = E21A642B1F6663E3007D1C49;
			productRefGroup = E21A64351F6663E3007D1C49 /* Products */;
			projectDirPath = "";
			projectRoot = "";
			targets = (
				E21A64331F6663E3007D1C49 /* PointsForCustomer */,
			);
		};
/* End PBXProject section */

/* Begin PBXResourcesBuildPhase section */
		E21A64321F6663E3007D1C49 /* Resources */ = {
			isa = PBXResourcesBuildPhase;
			buildActionMask = 2147483647;
			files = (
				E21D2AB41F8A79BE001D29A1 /* PointsHistoryViewController.xib in Resources */,
				E2FE292B1F7E9BB200015D46 /* qrcode_found.wav in Resources */,
				E21D2AA21F8A6228001D29A1 /* MyInviteCodeViewController.xib in Resources */,
				E2F1EF501F67C18100CF90C2 /* IndexViewController.xib in Resources */,
				E24EEAEE1F72BBEA0084C632 /* ShopDetailViewController.xib in Resources */,
				E29D56051F6FA0E70006C746 /* IndexSectionHeaderView.xib in Resources */,
				E22868921F86746B0050CDEC /* FindPassWordViewController.xib in Resources */,
				E2B6025B1F7D4102006FFAE1 /* ShopDetailSingleImageTableViewCell.xib in Resources */,
				E24EEAE61F72AFBE0084C632 /* CityListViewController.xib in Resources */,
				E297FDD11F7DDAA80056C606 /* CommentListViewController.xib in Resources */,
				E21A64421F6663E3007D1C49 /* LaunchScreen.storyboard in Resources */,
				E2F1EF631F67DC2500CF90C2 /* LoginViewController.xib in Resources */,
				E2F1EF581F67C1E900CF90C2 /* UserCenterViewController.xib in Resources */,
				E2FA31AC1F71593400B657A1 /* IndexClassItemView.xib in Resources */,
				E21A643F1F6663E3007D1C49 /* Assets.xcassets in Resources */,
				E20AE6131F851C3D003A603F /* RegistViewController.xib in Resources */,
				E297FDD71F7E21D30056C606 /* OneKindShopListViewController.xib in Resources */,
				E24EEAEA1F72B4BA0084C632 /* SearchShopViewController.xib in Resources */,
				E2BFAA381F8B607100B84D45 /* WriteCommentViewController.xib in Resources */,
				E2547C471F73F9DF000DA9E9 /* AllCityTableViewCell.xib in Resources */,
				E28FA7F51F74D9A100377266 /* SearchAreaViewController.xib in Resources */,
				E2E803BD1F6BA6F00094065F /* PPShopTableViewCell.xib in Resources */,
				E2547C491F73FB12000DA9E9 /* citys.db in Resources */,
				E21D2AAD1F8A71EB001D29A1 /* PointsHistoryTableViewCell.xib in Resources */,
				E2E803B91F6A56A40094065F /* UserCenterTableViewCell.xib in Resources */,
				E2B602571F7D407E006FFAE1 /* ShopDetailSingleTextTableViewCell.xib in Resources */,
				E2F1EF541F67C1C900CF90C2 /* ReadBitCodeViewController.xib in Resources */,
				E28FA7F91F74DB3700377266 /* SearchAreaTableViewCell.xib in Resources */,
				E2D11A021F7E7F69007FFA36 /* PayNowViewController.xib in Resources */,
				E297FDCD1F7DDA6D0056C606 /* CommentTableViewCell.xib in Resources */,
			);
			runOnlyForDeploymentPostprocessing = 0;
		};
/* End PBXResourcesBuildPhase section */

/* Begin PBXShellScriptBuildPhase section */
		5AADD7000855C3C69B1B834E /* [CP] Copy Pods Resources */ = {
			isa = PBXShellScriptBuildPhase;
			buildActionMask = 2147483647;
			files = (
			);
			inputPaths = (
			);
			name = "[CP] Copy Pods Resources";
			outputPaths = (
			);
			runOnlyForDeploymentPostprocessing = 0;
			shellPath = /bin/sh;
			shellScript = "\"${SRCROOT}/Pods/Target Support Files/Pods-PointsForCustomer/Pods-PointsForCustomer-resources.sh\"\n";
			showEnvVarsInLog = 0;
		};
		7D3E28E3E6F3AC2C4923E97E /* [CP] Check Pods Manifest.lock */ = {
			isa = PBXShellScriptBuildPhase;
			buildActionMask = 2147483647;
			files = (
			);
			inputPaths = (
			);
			name = "[CP] Check Pods Manifest.lock";
			outputPaths = (
			);
			runOnlyForDeploymentPostprocessing = 0;
			shellPath = /bin/sh;
			shellScript = "diff \"${PODS_PODFILE_DIR_PATH}/Podfile.lock\" \"${PODS_ROOT}/Manifest.lock\" > /dev/null\nif [ $? != 0 ] ; then\n    # print error to STDERR\n    echo \"error: The sandbox is not in sync with the Podfile.lock. Run 'pod install' or update your CocoaPods installation.\" >&2\n    exit 1\nfi\n";
			showEnvVarsInLog = 0;
		};
		D90BD49DD0ED05842A172962 /* [CP] Embed Pods Frameworks */ = {
			isa = PBXShellScriptBuildPhase;
			buildActionMask = 2147483647;
			files = (
			);
			inputPaths = (
			);
			name = "[CP] Embed Pods Frameworks";
			outputPaths = (
			);
			runOnlyForDeploymentPostprocessing = 0;
			shellPath = /bin/sh;
			shellScript = "\"${SRCROOT}/Pods/Target Support Files/Pods-PointsForCustomer/Pods-PointsForCustomer-frameworks.sh\"\n";
			showEnvVarsInLog = 0;
		};
/* End PBXShellScriptBuildPhase section */

/* Begin PBXSourcesBuildPhase section */
		E21A64301F6663E3007D1C49 /* Sources */ = {
			isa = PBXSourcesBuildPhase;
			buildActionMask = 2147483647;
			files = (
				E2F1EF3A1F676DA500CF90C2 /* NSDate+MyDate.m in Sources */,
				E2F1EF441F676F1300CF90C2 /* UIDevice+MyDevice.m in Sources */,
				E20AE6121F851C3D003A603F /* RegistViewController.swift in Sources */,
				E2D11A011F7E7F69007FFA36 /* PayNowViewController.swift in Sources */,
				E2E803C11F6BC3BA0094065F /* PPBannerObject.swift in Sources */,
				E21A64381F6663E3007D1C49 /* AppDelegate.swift in Sources */,
				E21D2AA11F8A6228001D29A1 /* MyInviteCodeViewController.swift in Sources */,
				E21D2AAC1F8A71EB001D29A1 /* PointsHistoryTableViewCell.swift in Sources */,
				E2547C461F73F9DF000DA9E9 /* AllCityTableViewCell.swift in Sources */,
				E2F1EF3B1F676DA500CF90C2 /* NSString+MyCustomString.m in Sources */,
				E2F1EF3E1F676DA500CF90C2 /* UIImage+MyCustomImage.m in Sources */,
				E2F1EF481F67701900CF90C2 /* BaseObject.swift in Sources */,
				E2BFAA371F8B607100B84D45 /* WriteCommentViewController.swift in Sources */,
				E20A7CA31F68FD2D00346D4A /* KuangkuangView.swift in Sources */,
				E21D2AAF1F8A752B001D29A1 /* PPPointsHistoryObj.swift in Sources */,
				E2F1EF461F67700300CF90C2 /* BaseViewController.swift in Sources */,
				E2B602561F7D407E006FFAE1 /* ShopDetailSingleTextTableViewCell.swift in Sources */,
				E24EEAE51F72AFBE0084C632 /* CityListViewController.swift in Sources */,
				E25369A91F7F6A5A004AC8A3 /* PPRequestManager.swift in Sources */,
				E2F1EF5E1F67DA1D00CF90C2 /* TTRequestOperationManager.m in Sources */,
				E20A7CA51F690AA900346D4A /* ConstantForSwift.swift in Sources */,
				E2F1EF3D1F676DA500CF90C2 /* UIColor+MyColor.m in Sources */,
				E24EEAE91F72B4BA0084C632 /* SearchShopViewController.swift in Sources */,
				E2FA31AE1F715A2500B657A1 /* IndexClassItemView.swift in Sources */,
				E28BE24F1F78909300775097 /* UserLocationManager.swift in Sources */,
				E2F1EF4A1F67717300CF90C2 /* PPShopObject.swift in Sources */,
				E2F1EF571F67C1E900CF90C2 /* UserCenterViewController.swift in Sources */,
				E2F1EF4F1F67C18100CF90C2 /* IndexViewController.swift in Sources */,
				E24708971F89D81500F8705D /* PPShopDetailobj.swift in Sources */,
				E228688E1F8667690050CDEC /* PPUserInfoManager.swift in Sources */,
				E2E803B81F6A56A40094065F /* UserCenterTableViewCell.swift in Sources */,
				E21D2AB31F8A7958001D29A1 /* PointsHistoryViewController.swift in Sources */,
				E2FA31A81F713C6600B657A1 /* PPStringExtension.swift in Sources */,
				E2F1EF621F67DC2500CF90C2 /* LoginViewController.swift in Sources */,
				E22868911F86746B0050CDEC /* FindPassWordViewController.swift in Sources */,
				E28FA7F81F74DB3700377266 /* SearchAreaTableViewCell.swift in Sources */,
				E297FDD61F7E21D30056C606 /* OneKindShopListViewController.swift in Sources */,
				E2F1EF5F1F67DA1D00CF90C2 /* TTUserInfoManager.m in Sources */,
				E28FA7F41F74D9A100377266 /* SearchAreaViewController.swift in Sources */,
				E2E803BF1F6BAAE30094065F /* IndexHeaderView.swift in Sources */,
				E297FDD01F7DDAA80056C606 /* CommentListViewController.swift in Sources */,
				E2E803BC1F6BA6F00094065F /* PPShopTableViewCell.swift in Sources */,
				E2F1EF4C1F67C15F00CF90C2 /* MainTabbarViewController.swift in Sources */,
				E297FDD31F7DEFB70056C606 /* CommentObj.swift in Sources */,
				E2B6025A1F7D4102006FFAE1 /* ShopDetailSingleImageTableViewCell.swift in Sources */,
				E24EEAED1F72BBEA0084C632 /* ShopDetailViewController.swift in Sources */,
				E297FDCC1F7DDA6C0056C606 /* CommentTableViewCell.swift in Sources */,
				E2F1EF531F67C1C900CF90C2 /* ReadBitCodeViewController.swift in Sources */,
				E2FA31AA1F71450300B657A1 /* PPIndexClassObj.swift in Sources */,
			);
			runOnlyForDeploymentPostprocessing = 0;
		};
/* End PBXSourcesBuildPhase section */

/* Begin PBXVariantGroup section */
		E21A64401F6663E3007D1C49 /* LaunchScreen.storyboard */ = {
			isa = PBXVariantGroup;
			children = (
				E21A64411F6663E3007D1C49 /* Base */,
			);
			name = LaunchScreen.storyboard;
			sourceTree = "<group>";
		};
/* End PBXVariantGroup section */

/* Begin XCBuildConfiguration section */
		E21A64441F6663E3007D1C49 /* Debug */ = {
			isa = XCBuildConfiguration;
			buildSettings = {
				ALWAYS_SEARCH_USER_PATHS = NO;
				CLANG_ANALYZER_NONNULL = YES;
				CLANG_ANALYZER_NUMBER_OBJECT_CONVERSION = YES_AGGRESSIVE;
				CLANG_CXX_LANGUAGE_STANDARD = "gnu++0x";
				CLANG_CXX_LIBRARY = "libc++";
				CLANG_ENABLE_MODULES = YES;
				CLANG_ENABLE_OBJC_ARC = YES;
				CLANG_WARN_BLOCK_CAPTURE_AUTORELEASING = YES;
				CLANG_WARN_BOOL_CONVERSION = YES;
				CLANG_WARN_COMMA = YES;
				CLANG_WARN_CONSTANT_CONVERSION = YES;
				CLANG_WARN_DIRECT_OBJC_ISA_USAGE = YES_ERROR;
				CLANG_WARN_DOCUMENTATION_COMMENTS = YES;
				CLANG_WARN_EMPTY_BODY = YES;
				CLANG_WARN_ENUM_CONVERSION = YES;
				CLANG_WARN_INFINITE_RECURSION = YES;
				CLANG_WARN_INT_CONVERSION = YES;
				CLANG_WARN_NON_LITERAL_NULL_CONVERSION = YES;
				CLANG_WARN_OBJC_LITERAL_CONVERSION = YES;
				CLANG_WARN_OBJC_ROOT_CLASS = YES_ERROR;
				CLANG_WARN_RANGE_LOOP_ANALYSIS = YES;
				CLANG_WARN_STRICT_PROTOTYPES = YES;
				CLANG_WARN_SUSPICIOUS_MOVE = YES;
				CLANG_WARN_UNREACHABLE_CODE = YES;
				CLANG_WARN__DUPLICATE_METHOD_MATCH = YES;
				"CODE_SIGN_IDENTITY[sdk=iphoneos*]" = "iPhone Developer";
				COPY_PHASE_STRIP = NO;
				DEBUG_INFORMATION_FORMAT = dwarf;
				ENABLE_STRICT_OBJC_MSGSEND = YES;
				ENABLE_TESTABILITY = YES;
				GCC_C_LANGUAGE_STANDARD = gnu99;
				GCC_DYNAMIC_NO_PIC = NO;
				GCC_NO_COMMON_BLOCKS = YES;
				GCC_OPTIMIZATION_LEVEL = 0;
				GCC_PREPROCESSOR_DEFINITIONS = (
					"DEBUG=1",
					"$(inherited)",
				);
				GCC_WARN_64_TO_32_BIT_CONVERSION = YES;
				GCC_WARN_ABOUT_RETURN_TYPE = YES_ERROR;
				GCC_WARN_UNDECLARED_SELECTOR = YES;
				GCC_WARN_UNINITIALIZED_AUTOS = YES_AGGRESSIVE;
				GCC_WARN_UNUSED_FUNCTION = YES;
				GCC_WARN_UNUSED_VARIABLE = YES;
				IPHONEOS_DEPLOYMENT_TARGET = 10.3;
				MTL_ENABLE_DEBUG_INFO = YES;
				ONLY_ACTIVE_ARCH = YES;
				SDKROOT = iphoneos;
				SWIFT_ACTIVE_COMPILATION_CONDITIONS = DEBUG;
				SWIFT_OPTIMIZATION_LEVEL = "-Onone";
			};
			name = Debug;
		};
		E21A64451F6663E3007D1C49 /* Release */ = {
			isa = XCBuildConfiguration;
			buildSettings = {
				ALWAYS_SEARCH_USER_PATHS = NO;
				CLANG_ANALYZER_NONNULL = YES;
				CLANG_ANALYZER_NUMBER_OBJECT_CONVERSION = YES_AGGRESSIVE;
				CLANG_CXX_LANGUAGE_STANDARD = "gnu++0x";
				CLANG_CXX_LIBRARY = "libc++";
				CLANG_ENABLE_MODULES = YES;
				CLANG_ENABLE_OBJC_ARC = YES;
				CLANG_WARN_BLOCK_CAPTURE_AUTORELEASING = YES;
				CLANG_WARN_BOOL_CONVERSION = YES;
				CLANG_WARN_COMMA = YES;
				CLANG_WARN_CONSTANT_CONVERSION = YES;
				CLANG_WARN_DIRECT_OBJC_ISA_USAGE = YES_ERROR;
				CLANG_WARN_DOCUMENTATION_COMMENTS = YES;
				CLANG_WARN_EMPTY_BODY = YES;
				CLANG_WARN_ENUM_CONVERSION = YES;
				CLANG_WARN_INFINITE_RECURSION = YES;
				CLANG_WARN_INT_CONVERSION = YES;
				CLANG_WARN_NON_LITERAL_NULL_CONVERSION = YES;
				CLANG_WARN_OBJC_LITERAL_CONVERSION = YES;
				CLANG_WARN_OBJC_ROOT_CLASS = YES_ERROR;
				CLANG_WARN_RANGE_LOOP_ANALYSIS = YES;
				CLANG_WARN_STRICT_PROTOTYPES = YES;
				CLANG_WARN_SUSPICIOUS_MOVE = YES;
				CLANG_WARN_UNREACHABLE_CODE = YES;
				CLANG_WARN__DUPLICATE_METHOD_MATCH = YES;
				"CODE_SIGN_IDENTITY[sdk=iphoneos*]" = "iPhone Developer";
				COPY_PHASE_STRIP = NO;
				DEBUG_INFORMATION_FORMAT = "dwarf-with-dsym";
				ENABLE_NS_ASSERTIONS = NO;
				ENABLE_STRICT_OBJC_MSGSEND = YES;
				GCC_C_LANGUAGE_STANDARD = gnu99;
				GCC_NO_COMMON_BLOCKS = YES;
				GCC_WARN_64_TO_32_BIT_CONVERSION = YES;
				GCC_WARN_ABOUT_RETURN_TYPE = YES_ERROR;
				GCC_WARN_UNDECLARED_SELECTOR = YES;
				GCC_WARN_UNINITIALIZED_AUTOS = YES_AGGRESSIVE;
				GCC_WARN_UNUSED_FUNCTION = YES;
				GCC_WARN_UNUSED_VARIABLE = YES;
				IPHONEOS_DEPLOYMENT_TARGET = 10.3;
				MTL_ENABLE_DEBUG_INFO = NO;
				SDKROOT = iphoneos;
				SWIFT_OPTIMIZATION_LEVEL = "-Owholemodule";
				VALIDATE_PRODUCT = YES;
			};
			name = Release;
		};
		E21A64471F6663E3007D1C49 /* Debug */ = {
			isa = XCBuildConfiguration;
			baseConfigurationReference = DF00F6CA4807902B55C5CDE1 /* Pods-PointsForCustomer.debug.xcconfig */;
			buildSettings = {
				ASSETCATALOG_COMPILER_APPICON_NAME = AppIcon;
				"CODE_SIGN_IDENTITY[sdk=iphoneos*]" = "iPhone Developer";
				DEVELOPMENT_TEAM = CV3TV3MNW2;
				INFOPLIST_FILE = PointsForCustomer/Info.plist;
				IPHONEOS_DEPLOYMENT_TARGET = 8.0;
				LD_RUNPATH_SEARCH_PATHS = "$(inherited) @executable_path/Frameworks";
				PRODUCT_BUNDLE_IDENTIFIER = com.fang.fff;
				PRODUCT_NAME = "$(TARGET_NAME)";
				PROVISIONING_PROFILE_SPECIFIER = "";
				SWIFT_OBJC_BRIDGING_HEADER = "/Users/yinyuqiu/Documents/MoneyMoney/PointsForCustomer/PointsForCustomer/PointsForCustomer-Bridging-Header.h";
				SWIFT_SWIFT3_OBJC_INFERENCE = Off;
				SWIFT_VERSION = 4.0;
				TARGETED_DEVICE_FAMILY = "1,2";
			};
			name = Debug;
		};
		E21A64481F6663E3007D1C49 /* Release */ = {
			isa = XCBuildConfiguration;
			baseConfigurationReference = 196F5DACB5DA364FCF7A3683 /* Pods-PointsForCustomer.release.xcconfig */;
			buildSettings = {
				ASSETCATALOG_COMPILER_APPICON_NAME = AppIcon;
				"CODE_SIGN_IDENTITY[sdk=iphoneos*]" = "iPhone Developer";
				DEVELOPMENT_TEAM = CV3TV3MNW2;
				INFOPLIST_FILE = PointsForCustomer/Info.plist;
				IPHONEOS_DEPLOYMENT_TARGET = 8.0;
				LD_RUNPATH_SEARCH_PATHS = "$(inherited) @executable_path/Frameworks";
				PRODUCT_BUNDLE_IDENTIFIER = com.fang.fff;
				PRODUCT_NAME = "$(TARGET_NAME)";
				PROVISIONING_PROFILE_SPECIFIER = "";
				SWIFT_OBJC_BRIDGING_HEADER = "/Users/yinyuqiu/Documents/MoneyMoney/PointsForCustomer/PointsForCustomer/PointsForCustomer-Bridging-Header.h";
				SWIFT_SWIFT3_OBJC_INFERENCE = Off;
				SWIFT_VERSION = 4.0;
				TARGETED_DEVICE_FAMILY = "1,2";
			};
			name = Release;
		};
/* End XCBuildConfiguration section */

/* Begin XCConfigurationList section */
		E21A642F1F6663E3007D1C49 /* Build configuration list for PBXProject "PointsForCustomer" */ = {
			isa = XCConfigurationList;
			buildConfigurations = (
				E21A64441F6663E3007D1C49 /* Debug */,
				E21A64451F6663E3007D1C49 /* Release */,
			);
			defaultConfigurationIsVisible = 0;
			defaultConfigurationName = Release;
		};
		E21A64461F6663E3007D1C49 /* Build configuration list for PBXNativeTarget "PointsForCustomer" */ = {
			isa = XCConfigurationList;
			buildConfigurations = (
				E21A64471F6663E3007D1C49 /* Debug */,
				E21A64481F6663E3007D1C49 /* Release */,
			);
			defaultConfigurationIsVisible = 0;
			defaultConfigurationName = Release;
		};
/* End XCConfigurationList section */
	};
	rootObject = E21A642C1F6663E3007D1C49 /* Project object */;
}
